
Microsoft Visual Studio Solution File, Format Version 12.00
# Visual Studio Version 17
VisualStudioVersion = 17.6.33829.357
MinimumVisualStudioVersion = 10.0.40219.1
Project("{8BC9CEB8-8B4A-11D0-8D11-00A0C91BC942}") = "muziaka", "muziaka\muziaka.vcxproj", "{65E95649-3036-45CF-A591-5CA1BE5A0556}"
EndProject
Global
	GlobalSection(SolutionConfigurationPlatforms) = preSolution
		Debug|x64 = Debug|x64
		Debug|x86 = Debug|x86
		Release|x64 = Release|x64
		Release|x86 = Release|x86
	EndGlobalSection
	GlobalSection(ProjectConfigurationPlatforms) = postSolution
		{65E95649-3036-45CF-A591-5CA1BE5A0556}.Debug|x64.ActiveCfg = Debug|x64
		{65E95649-3036-45CF-A591-5CA1BE5A0556}.Debug|x64.Build.0 = Debug|x64
		{65E95649-3036-45CF-A591-5CA1BE5A0556}.Debug|x86.ActiveCfg = Debug|Win32
		{65E95649-3036-45CF-A591-5CA1BE5A0556}.Debug|x86.Build.0 = Debug|Win32
		{65E95649-3036-45CF-A591-5CA1BE5A0556}.Release|x64.ActiveCfg = Release|x64
		{65E95649-3036-45CF-A591-5CA1BE5A0556}.Release|x64.Build.0 = Release|x64
		{65E95649-3036-45CF-A591-5CA1BE5A0556}.Release|x86.ActiveCfg = Release|Win32
		{65E95649-3036-45CF-A591-5CA1BE5A0556}.Release|x86.Build.0 = Release|Win32
	EndGlobalSection
	GlobalSection(SolutionProperties) = preSolution
		HideSolutionNode = FALSE
	EndGlobalSection
	GlobalSection(ExtensibilityGlobals) = postSolution
		SolutionGuid = {3FE8E9BD-28C9-4FD0-9C1E-5ED6F5A5EABD}
	EndGlobalSection
EndGlobal
